{
	"name": "ens-norm-research",
	"lockfileVersion": 2,
	"requires": true,
	"packages": {
		"": {
			"dependencies": {
				"@adraffy/punycode": "^0.0.2"
			}
		},
		"node_modules/@adraffy/punycode": {
			"version": "0.0.2",
			"resolved": "https://registry.npmjs.org/@adraffy/punycode/-/punycode-0.0.2.tgz",
			"integrity": "sha512-dabtTz0vTl4UYraGjCCHSe+dAY9YJSmvZK947XVPu+yma6H0w1JcvQqcSLo87i6hKm/0Z/nAGXE0UNuMJ3lq5A=="
		}
	},
	"dependencies": {
		"@adraffy/punycode": {
			"version": "0.0.2",
			"resolved": "https://registry.npmjs.org/@adraffy/punycode/-/punycode-0.0.2.tgz",
			"integrity": "sha512-dabtTz0vTl4UYraGjCCHSe+dAY9YJSmvZK947XVPu+yma6H0w1JcvQqcSLo87i6hKm/0Z/nAGXE0UNuMJ3lq5A=="
		}
	}
}
