{
	"name": "ens-norm-research",
	"lockfileVersion": 2,
	"requires": true,
	"packages": {
		"": {
			"dependencies": {
				"@adraffy/ensip-norm": "^0.0.8",
				"@adraffy/punycode": "^0.0.2"
			}
		},
		"node_modules/@adraffy/ensip-norm": {
			"version": "0.0.8",
			"resolved": "https://registry.npmjs.org/@adraffy/ensip-norm/-/ensip-norm-0.0.8.tgz",
			"integrity": "sha512-qtXkmCKOcgW4mjxZDbQlj+r5oPkASbPzPZEENiOzRrct4TLnFLVsRXIGAnpE6SEVfnHIt2dGAn+/IxZJaJTKZw=="
		},
		"node_modules/@adraffy/punycode": {
			"version": "0.0.2",
			"resolved": "https://registry.npmjs.org/@adraffy/punycode/-/punycode-0.0.2.tgz",
			"integrity": "sha512-dabtTz0vTl4UYraGjCCHSe+dAY9YJSmvZK947XVPu+yma6H0w1JcvQqcSLo87i6hKm/0Z/nAGXE0UNuMJ3lq5A=="
		}
	},
	"dependencies": {
		"@adraffy/ensip-norm": {
			"version": "0.0.8",
			"resolved": "https://registry.npmjs.org/@adraffy/ensip-norm/-/ensip-norm-0.0.8.tgz",
			"integrity": "sha512-qtXkmCKOcgW4mjxZDbQlj+r5oPkASbPzPZEENiOzRrct4TLnFLVsRXIGAnpE6SEVfnHIt2dGAn+/IxZJaJTKZw=="
		},
		"@adraffy/punycode": {
			"version": "0.0.2",
			"resolved": "https://registry.npmjs.org/@adraffy/punycode/-/punycode-0.0.2.tgz",
			"integrity": "sha512-dabtTz0vTl4UYraGjCCHSe+dAY9YJSmvZK947XVPu+yma6H0w1JcvQqcSLo87i6hKm/0Z/nAGXE0UNuMJ3lq5A=="
		}
	}
}
